
Microsoft Visual Studio Solution File, Format Version 12.00
# Visual Studio Version 16
VisualStudioVersion = 16.0.29102.190
MinimumVisualStudioVersion = 10.0.40219.1
Project("{FAE04EC0-301F-11D3-BF4B-00C04F79EFBC}") = "FresherTraining", "MisaShop\FresherTraining.csproj", "{D9044361-9074-4FD8-923B-D446E6399931}"
EndProject
Project("{FAE04EC0-301F-11D3-BF4B-00C04F79EFBC}") = "MISA.Entities", "MISA.Entities\MISA.Entities.csproj", "{01A9EA1F-D52D-4557-B103-632E713E8FF0}"
EndProject
Project("{FAE04EC0-301F-11D3-BF4B-00C04F79EFBC}") = "MISA.DL", "MISA.DL\MISA.DL.csproj", "{0E3A75B1-A9DD-4CC6-B96F-D66D40B12E15}"
EndProject
Project("{FAE04EC0-301F-11D3-BF4B-00C04F79EFBC}") = "MISA.BL", "MISA.BL\MISA.BL.csproj", "{2529D9B6-FCA7-4965-99DE-075B8AE3FFEF}"
EndProject
Global
	GlobalSection(SolutionConfigurationPlatforms) = preSolution
		Debug|Any CPU = Debug|Any CPU
		Release|Any CPU = Release|Any CPU
	EndGlobalSection
	GlobalSection(ProjectConfigurationPlatforms) = postSolution
		{D9044361-9074-4FD8-923B-D446E6399931}.Debug|Any CPU.ActiveCfg = Debug|Any CPU
		{D9044361-9074-4FD8-923B-D446E6399931}.Debug|Any CPU.Build.0 = Debug|Any CPU
		{D9044361-9074-4FD8-923B-D446E6399931}.Release|Any CPU.ActiveCfg = Release|Any CPU
		{D9044361-9074-4FD8-923B-D446E6399931}.Release|Any CPU.Build.0 = Release|Any CPU
		{01A9EA1F-D52D-4557-B103-632E713E8FF0}.Debug|Any CPU.ActiveCfg = Debug|Any CPU
		{01A9EA1F-D52D-4557-B103-632E713E8FF0}.Debug|Any CPU.Build.0 = Debug|Any CPU
		{01A9EA1F-D52D-4557-B103-632E713E8FF0}.Release|Any CPU.ActiveCfg = Release|Any CPU
		{01A9EA1F-D52D-4557-B103-632E713E8FF0}.Release|Any CPU.Build.0 = Release|Any CPU
		{0E3A75B1-A9DD-4CC6-B96F-D66D40B12E15}.Debug|Any CPU.ActiveCfg = Debug|Any CPU
		{0E3A75B1-A9DD-4CC6-B96F-D66D40B12E15}.Debug|Any CPU.Build.0 = Debug|Any CPU
		{0E3A75B1-A9DD-4CC6-B96F-D66D40B12E15}.Release|Any CPU.ActiveCfg = Release|Any CPU
		{0E3A75B1-A9DD-4CC6-B96F-D66D40B12E15}.Release|Any CPU.Build.0 = Release|Any CPU
		{2529D9B6-FCA7-4965-99DE-075B8AE3FFEF}.Debug|Any CPU.ActiveCfg = Debug|Any CPU
		{2529D9B6-FCA7-4965-99DE-075B8AE3FFEF}.Debug|Any CPU.Build.0 = Debug|Any CPU
		{2529D9B6-FCA7-4965-99DE-075B8AE3FFEF}.Release|Any CPU.ActiveCfg = Release|Any CPU
		{2529D9B6-FCA7-4965-99DE-075B8AE3FFEF}.Release|Any CPU.Build.0 = Release|Any CPU
	EndGlobalSection
	GlobalSection(SolutionProperties) = preSolution
		HideSolutionNode = FALSE
	EndGlobalSection
	GlobalSection(ExtensibilityGlobals) = postSolution
		SolutionGuid = {2A923E72-F804-4F2A-A010-2042CF31D198}
	EndGlobalSection
EndGlobal
